
Microsoft Visual Studio Solution File, Format Version 11.00
# Visual Studio 2010 Express for Windows Phone
Project("{FAE04EC0-301F-11D3-BF4B-00C04F79EFBC}") = "MediaViewer", "MediaViewer\MediaViewer.csproj", "{9FC6E75D-360E-4E91-A735-79F1135E0253}"
EndProject
Global
	GlobalSection(SolutionConfigurationPlatforms) = preSolution
		Debug|Any CPU = Debug|Any CPU
		Release|Any CPU = Release|Any CPU
	EndGlobalSection
	GlobalSection(ProjectConfigurationPlatforms) = postSolution
		{9FC6E75D-360E-4E91-A735-79F1135E0253}.Debug|Any CPU.ActiveCfg = Debug|Any CPU
		{9FC6E75D-360E-4E91-A735-79F1135E0253}.Debug|Any CPU.Build.0 = Debug|Any CPU
		{9FC6E75D-360E-4E91-A735-79F1135E0253}.Debug|Any CPU.Deploy.0 = Debug|Any CPU
		{9FC6E75D-360E-4E91-A735-79F1135E0253}.Release|Any CPU.ActiveCfg = Release|Any CPU
		{9FC6E75D-360E-4E91-A735-79F1135E0253}.Release|Any CPU.Build.0 = Release|Any CPU
		{9FC6E75D-360E-4E91-A735-79F1135E0253}.Release|Any CPU.Deploy.0 = Release|Any CPU
	EndGlobalSection
	GlobalSection(SolutionProperties) = preSolution
		HideSolutionNode = FALSE
	EndGlobalSection
EndGlobal
